// !$*UTF8*$!
{
	archiveVersion = 1;
	classes = {
	};
	objectVersion = 50;
	objects = {

/* Begin PBXBuildFile section */
		391E525B2306D4CF00457C68 /* AppDelegate.swift in Sources */ = {isa = PBXBuildFile; fileRef = 391E525A2306D4CF00457C68 /* AppDelegate.swift */; };
		391E525D2306D4CF00457C68 /* ViewController.swift in Sources */ = {isa = PBXBuildFile; fileRef = 391E525C2306D4CF00457C68 /* ViewController.swift */; };
		391E52602306D4CF00457C68 /* Main.storyboard in Resources */ = {isa = PBXBuildFile; fileRef = 391E525E2306D4CF00457C68 /* Main.storyboard */; };
		391E52622306D4CF00457C68 /* Assets.xcassets in Resources */ = {isa = PBXBuildFile; fileRef = 391E52612306D4CF00457C68 /* Assets.xcassets */; };
		391E52652306D4CF00457C68 /* LaunchScreen.storyboard in Resources */ = {isa = PBXBuildFile; fileRef = 391E52632306D4CF00457C68 /* LaunchScreen.storyboard */; };
		391E52702306D4CF00457C68 /* PandoriaMiniChallenge1Tests.swift in Sources */ = {isa = PBXBuildFile; fileRef = 391E526F2306D4CF00457C68 /* PandoriaMiniChallenge1Tests.swift */; };
		391E527B2306D4CF00457C68 /* PandoriaMiniChallenge1UITests.swift in Sources */ = {isa = PBXBuildFile; fileRef = 391E527A2306D4CF00457C68 /* PandoriaMiniChallenge1UITests.swift */; };
/* End PBXBuildFile section */

/* Begin PBXContainerItemProxy section */
		391E526C2306D4CF00457C68 /* PBXContainerItemProxy */ = {
			isa = PBXContainerItemProxy;
			containerPortal = 391E524F2306D4CF00457C68 /* Project object */;
			proxyType = 1;
			remoteGlobalIDString = 391E52562306D4CF00457C68;
			remoteInfo = PandoriaMiniChallenge1;
		};
		391E52772306D4CF00457C68 /* PBXContainerItemProxy */ = {
			isa = PBXContainerItemProxy;
			containerPortal = 391E524F2306D4CF00457C68 /* Project object */;
			proxyType = 1;
			remoteGlobalIDString = 391E52562306D4CF00457C68;
			remoteInfo = PandoriaMiniChallenge1;
		};
/* End PBXContainerItemProxy section */

/* Begin PBXFileReference section */
		391E52572306D4CF00457C68 /* PandoriaMiniChallenge1.app */ = {isa = PBXFileReference; explicitFileType = wrapper.application; includeInIndex = 0; path = PandoriaMiniChallenge1.app; sourceTree = BUILT_PRODUCTS_DIR; };
		391E525A2306D4CF00457C68 /* AppDelegate.swift */ = {isa = PBXFileReference; lastKnownFileType = sourcecode.swift; path = AppDelegate.swift; sourceTree = "<group>"; };
		391E525C2306D4CF00457C68 /* ViewController.swift */ = {isa = PBXFileReference; lastKnownFileType = sourcecode.swift; path = ViewController.swift; sourceTree = "<group>"; };
		391E525F2306D4CF00457C68 /* Base */ = {isa = PBXFileReference; lastKnownFileType = file.storyboard; name = Base; path = Base.lproj/Main.storyboard; sourceTree = "<group>"; };
		391E52612306D4CF00457C68 /* Assets.xcassets */ = {isa = PBXFileReference; lastKnownFileType = folder.assetcatalog; path = Assets.xcassets; sourceTree = "<group>"; };
		391E52642306D4CF00457C68 /* Base */ = {isa = PBXFileReference; lastKnownFileType = file.storyboard; name = Base; path = Base.lproj/LaunchScreen.storyboard; sourceTree = "<group>"; };
		391E52662306D4CF00457C68 /* Info.plist */ = {isa = PBXFileReference; lastKnownFileType = text.plist.xml; path = Info.plist; sourceTree = "<group>"; };
		391E526B2306D4CF00457C68 /* PandoriaMiniChallenge1Tests.xctest */ = {isa = PBXFileReference; explicitFileType = wrapper.cfbundle; includeInIndex = 0; path = PandoriaMiniChallenge1Tests.xctest; sourceTree = BUILT_PRODUCTS_DIR; };
		391E526F2306D4CF00457C68 /* PandoriaMiniChallenge1Tests.swift */ = {isa = PBXFileReference; lastKnownFileType = sourcecode.swift; path = PandoriaMiniChallenge1Tests.swift; sourceTree = "<group>"; };
		391E52712306D4CF00457C68 /* Info.plist */ = {isa = PBXFileReference; lastKnownFileType = text.plist.xml; path = Info.plist; sourceTree = "<group>"; };
		391E52762306D4CF00457C68 /* PandoriaMiniChallenge1UITests.xctest */ = {isa = PBXFileReference; explicitFileType = wrapper.cfbundle; includeInIndex = 0; path = PandoriaMiniChallenge1UITests.xctest; sourceTree = BUILT_PRODUCTS_DIR; };
		391E527A2306D4CF00457C68 /* PandoriaMiniChallenge1UITests.swift */ = {isa = PBXFileReference; lastKnownFileType = sourcecode.swift; path = PandoriaMiniChallenge1UITests.swift; sourceTree = "<group>"; };
		391E527C2306D4CF00457C68 /* Info.plist */ = {isa = PBXFileReference; lastKnownFileType = text.plist.xml; path = Info.plist; sourceTree = "<group>"; };
/* End PBXFileReference section */

/* Begin PBXFrameworksBuildPhase section */
		391E52542306D4CF00457C68 /* Frameworks */ = {
			isa = PBXFrameworksBuildPhase;
			buildActionMask = 2147483647;
			files = (
			);
			runOnlyForDeploymentPostprocessing = 0;
		};
		391E52682306D4CF00457C68 /* Frameworks */ = {
			isa = PBXFrameworksBuildPhase;
			buildActionMask = 2147483647;
			files = (
			);
			runOnlyForDeploymentPostprocessing = 0;
		};
		391E52732306D4CF00457C68 /* Frameworks */ = {
			isa = PBXFrameworksBuildPhase;
			buildActionMask = 2147483647;
			files = (
			);
			runOnlyForDeploymentPostprocessing = 0;
		};
/* End PBXFrameworksBuildPhase section */

/* Begin PBXGroup section */
		391E524E2306D4CF00457C68 = {
			isa = PBXGroup;
			children = (
				391E52592306D4CF00457C68 /* PandoriaMiniChallenge1 */,
				391E526E2306D4CF00457C68 /* PandoriaMiniChallenge1Tests */,
				391E52792306D4CF00457C68 /* PandoriaMiniChallenge1UITests */,
				391E52582306D4CF00457C68 /* Products */,
			);
			sourceTree = "<group>";
		};
		391E52582306D4CF00457C68 /* Products */ = {
			isa = PBXGroup;
			children = (
				391E52572306D4CF00457C68 /* PandoriaMiniChallenge1.app */,
				391E526B2306D4CF00457C68 /* PandoriaMiniChallenge1Tests.xctest */,
				391E52762306D4CF00457C68 /* PandoriaMiniChallenge1UITests.xctest */,
			);
			name = Products;
			sourceTree = "<group>";
		};
		391E52592306D4CF00457C68 /* PandoriaMiniChallenge1 */ = {
			isa = PBXGroup;
			children = (
				391E525A2306D4CF00457C68 /* AppDelegate.swift */,
				391E525C2306D4CF00457C68 /* ViewController.swift */,
				391E525E2306D4CF00457C68 /* Main.storyboard */,
				391E52612306D4CF00457C68 /* Assets.xcassets */,
				391E52632306D4CF00457C68 /* LaunchScreen.storyboard */,
				391E52662306D4CF00457C68 /* Info.plist */,
			);
			path = PandoriaMiniChallenge1;
			sourceTree = "<group>";
		};
		391E526E2306D4CF00457C68 /* PandoriaMiniChallenge1Tests */ = {
			isa = PBXGroup;
			children = (
				391E526F2306D4CF00457C68 /* PandoriaMiniChallenge1Tests.swift */,
				391E52712306D4CF00457C68 /* Info.plist */,
			);
			path = PandoriaMiniChallenge1Tests;
			sourceTree = "<group>";
		};
		391E52792306D4CF00457C68 /* PandoriaMiniChallenge1UITests */ = {
			isa = PBXGroup;
			children = (
				391E527A2306D4CF00457C68 /* PandoriaMiniChallenge1UITests.swift */,
				391E527C2306D4CF00457C68 /* Info.plist */,
			);
			path = PandoriaMiniChallenge1UITests;
			sourceTree = "<group>";
		};
/* End PBXGroup section */

/* Begin PBXNativeTarget section */
		391E52562306D4CF00457C68 /* PandoriaMiniChallenge1 */ = {
			isa = PBXNativeTarget;
			buildConfigurationList = 391E527F2306D4CF00457C68 /* Build configuration list for PBXNativeTarget "PandoriaMiniChallenge1" */;
			buildPhases = (
				391E52532306D4CF00457C68 /* Sources */,
				391E52542306D4CF00457C68 /* Frameworks */,
				391E52552306D4CF00457C68 /* Resources */,
			);
			buildRules = (
			);
			dependencies = (
			);
			name = PandoriaMiniChallenge1;
			productName = PandoriaMiniChallenge1;
			productReference = 391E52572306D4CF00457C68 /* PandoriaMiniChallenge1.app */;
			productType = "com.apple.product-type.application";
		};
		391E526A2306D4CF00457C68 /* PandoriaMiniChallenge1Tests */ = {
			isa = PBXNativeTarget;
			buildConfigurationList = 391E52822306D4CF00457C68 /* Build configuration list for PBXNativeTarget "PandoriaMiniChallenge1Tests" */;
			buildPhases = (
				391E52672306D4CF00457C68 /* Sources */,
				391E52682306D4CF00457C68 /* Frameworks */,
				391E52692306D4CF00457C68 /* Resources */,
			);
			buildRules = (
			);
			dependencies = (
				391E526D2306D4CF00457C68 /* PBXTargetDependency */,
			);
			name = PandoriaMiniChallenge1Tests;
			productName = PandoriaMiniChallenge1Tests;
			productReference = 391E526B2306D4CF00457C68 /* PandoriaMiniChallenge1Tests.xctest */;
			productType = "com.apple.product-type.bundle.unit-test";
		};
		391E52752306D4CF00457C68 /* PandoriaMiniChallenge1UITests */ = {
			isa = PBXNativeTarget;
			buildConfigurationList = 391E52852306D4CF00457C68 /* Build configuration list for PBXNativeTarget "PandoriaMiniChallenge1UITests" */;
			buildPhases = (
				391E52722306D4CF00457C68 /* Sources */,
				391E52732306D4CF00457C68 /* Frameworks */,
				391E52742306D4CF00457C68 /* Resources */,
			);
			buildRules = (
			);
			dependencies = (
				391E52782306D4CF00457C68 /* PBXTargetDependency */,
			);
			name = PandoriaMiniChallenge1UITests;
			productName = PandoriaMiniChallenge1UITests;
			productReference = 391E52762306D4CF00457C68 /* PandoriaMiniChallenge1UITests.xctest */;
			productType = "com.apple.product-type.bundle.ui-testing";
		};
/* End PBXNativeTarget section */

/* Begin PBXProject section */
		391E524F2306D4CF00457C68 /* Project object */ = {
			isa = PBXProject;
			attributes = {
				LastSwiftUpdateCheck = 1030;
				LastUpgradeCheck = 1030;
				ORGANIZATIONNAME = "José Guilherme Bestel";
				TargetAttributes = {
					391E52562306D4CF00457C68 = {
						CreatedOnToolsVersion = 10.3;
					};
					391E526A2306D4CF00457C68 = {
						CreatedOnToolsVersion = 10.3;
						TestTargetID = 391E52562306D4CF00457C68;
					};
					391E52752306D4CF00457C68 = {
						CreatedOnToolsVersion = 10.3;
						TestTargetID = 391E52562306D4CF00457C68;
					};
				};
			};
			buildConfigurationList = 391E52522306D4CF00457C68 /* Build configuration list for PBXProject "PandoriaMiniChallenge1" */;
			compatibilityVersion = "Xcode 9.3";
			developmentRegion = en;
			hasScannedForEncodings = 0;
			knownRegions = (
				en,
				Base,
			);
			mainGroup = 391E524E2306D4CF00457C68;
			productRefGroup = 391E52582306D4CF00457C68 /* Products */;
			projectDirPath = "";
			projectRoot = "";
			targets = (
				391E52562306D4CF00457C68 /* PandoriaMiniChallenge1 */,
				391E526A2306D4CF00457C68 /* PandoriaMiniChallenge1Tests */,
				391E52752306D4CF00457C68 /* PandoriaMiniChallenge1UITests */,
			);
		};
/* End PBXProject section */

/* Begin PBXResourcesBuildPhase section */
		391E52552306D4CF00457C68 /* Resources */ = {
			isa = PBXResourcesBuildPhase;
			buildActionMask = 2147483647;
			files = (
				391E52652306D4CF00457C68 /* LaunchScreen.storyboard in Resources */,
				391E52622306D4CF00457C68 /* Assets.xcassets in Resources */,
				391E52602306D4CF00457C68 /* Main.storyboard in Resources */,
			);
			runOnlyForDeploymentPostprocessing = 0;
		};
		391E52692306D4CF00457C68 /* Resources */ = {
			isa = PBXResourcesBuildPhase;
			buildActionMask = 2147483647;
			files = (
			);
			runOnlyForDeploymentPostprocessing = 0;
		};
		391E52742306D4CF00457C68 /* Resources */ = {
			isa = PBXResourcesBuildPhase;
			buildActionMask = 2147483647;
			files = (
			);
			runOnlyForDeploymentPostprocessing = 0;
		};
/* End PBXResourcesBuildPhase section */

/* Begin PBXSourcesBuildPhase section */
		391E52532306D4CF00457C68 /* Sources */ = {
			isa = PBXSourcesBuildPhase;
			buildActionMask = 2147483647;
			files = (
				391E525D2306D4CF00457C68 /* ViewController.swift in Sources */,
				391E525B2306D4CF00457C68 /* AppDelegate.swift in Sources */,
			);
			runOnlyForDeploymentPostprocessing = 0;
		};
		391E52672306D4CF00457C68 /* Sources */ = {
			isa = PBXSourcesBuildPhase;
			buildActionMask = 2147483647;
			files = (
				391E52702306D4CF00457C68 /* PandoriaMiniChallenge1Tests.swift in Sources */,
			);
			runOnlyForDeploymentPostprocessing = 0;
		};
		391E52722306D4CF00457C68 /* Sources */ = {
			isa = PBXSourcesBuildPhase;
			buildActionMask = 2147483647;
			files = (
				391E527B2306D4CF00457C68 /* PandoriaMiniChallenge1UITests.swift in Sources */,
			);
			runOnlyForDeploymentPostprocessing = 0;
		};
/* End PBXSourcesBuildPhase section */

/* Begin PBXTargetDependency section */
		391E526D2306D4CF00457C68 /* PBXTargetDependency */ = {
			isa = PBXTargetDependency;
			target = 391E52562306D4CF00457C68 /* PandoriaMiniChallenge1 */;
			targetProxy = 391E526C2306D4CF00457C68 /* PBXContainerItemProxy */;
		};
		391E52782306D4CF00457C68 /* PBXTargetDependency */ = {
			isa = PBXTargetDependency;
			target = 391E52562306D4CF00457C68 /* PandoriaMiniChallenge1 */;
			targetProxy = 391E52772306D4CF00457C68 /* PBXContainerItemProxy */;
		};
/* End PBXTargetDependency section */

/* Begin PBXVariantGroup section */
		391E525E2306D4CF00457C68 /* Main.storyboard */ = {
			isa = PBXVariantGroup;
			children = (
				391E525F2306D4CF00457C68 /* Base */,
			);
			name = Main.storyboard;
			sourceTree = "<group>";
		};
		391E52632306D4CF00457C68 /* LaunchScreen.storyboard */ = {
			isa = PBXVariantGroup;
			children = (
				391E52642306D4CF00457C68 /* Base */,
			);
			name = LaunchScreen.storyboard;
			sourceTree = "<group>";
		};
/* End PBXVariantGroup section */

/* Begin XCBuildConfiguration section */
		391E527D2306D4CF00457C68 /* Debug */ = {
			isa = XCBuildConfiguration;
			buildSettings = {
				ALWAYS_SEARCH_USER_PATHS = NO;
				CLANG_ANALYZER_NONNULL = YES;
				CLANG_ANALYZER_NUMBER_OBJECT_CONVERSION = YES_AGGRESSIVE;
				CLANG_CXX_LANGUAGE_STANDARD = "gnu++14";
				CLANG_CXX_LIBRARY = "libc++";
				CLANG_ENABLE_MODULES = YES;
				CLANG_ENABLE_OBJC_ARC = YES;
				CLANG_ENABLE_OBJC_WEAK = YES;
				CLANG_WARN_BLOCK_CAPTURE_AUTORELEASING = YES;
				CLANG_WARN_BOOL_CONVERSION = YES;
				CLANG_WARN_COMMA = YES;
				CLANG_WARN_CONSTANT_CONVERSION = YES;
				CLANG_WARN_DEPRECATED_OBJC_IMPLEMENTATIONS = YES;
				CLANG_WARN_DIRECT_OBJC_ISA_USAGE = YES_ERROR;
				CLANG_WARN_DOCUMENTATION_COMMENTS = YES;
				CLANG_WARN_EMPTY_BODY = YES;
				CLANG_WARN_ENUM_CONVERSION = YES;
				CLANG_WARN_INFINITE_RECURSION = YES;
				CLANG_WARN_INT_CONVERSION = YES;
				CLANG_WARN_NON_LITERAL_NULL_CONVERSION = YES;
				CLANG_WARN_OBJC_IMPLICIT_RETAIN_SELF = YES;
				CLANG_WARN_OBJC_LITERAL_CONVERSION = YES;
				CLANG_WARN_OBJC_ROOT_CLASS = YES_ERROR;
				CLANG_WARN_RANGE_LOOP_ANALYSIS = YES;
				CLANG_WARN_STRICT_PROTOTYPES = YES;
				CLANG_WARN_SUSPICIOUS_MOVE = YES;
				CLANG_WARN_UNGUARDED_AVAILABILITY = YES_AGGRESSIVE;
				CLANG_WARN_UNREACHABLE_CODE = YES;
				CLANG_WARN__DUPLICATE_METHOD_MATCH = YES;
				CODE_SIGN_IDENTITY = "iPhone Developer";
				COPY_PHASE_STRIP = NO;
				DEBUG_INFORMATION_FORMAT = dwarf;
				ENABLE_STRICT_OBJC_MSGSEND = YES;
				ENABLE_TESTABILITY = YES;
				GCC_C_LANGUAGE_STANDARD = gnu11;
				GCC_DYNAMIC_NO_PIC = NO;
				GCC_NO_COMMON_BLOCKS = YES;
				GCC_OPTIMIZATION_LEVEL = 0;
				GCC_PREPROCESSOR_DEFINITIONS = (
					"DEBUG=1",
					"$(inherited)",
				);
				GCC_WARN_64_TO_32_BIT_CONVERSION = YES;
				GCC_WARN_ABOUT_RETURN_TYPE = YES_ERROR;
				GCC_WARN_UNDECLARED_SELECTOR = YES;
				GCC_WARN_UNINITIALIZED_AUTOS = YES_AGGRESSIVE;
				GCC_WARN_UNUSED_FUNCTION = YES;
				GCC_WARN_UNUSED_VARIABLE = YES;
				IPHONEOS_DEPLOYMENT_TARGET = 12.4;
				MTL_ENABLE_DEBUG_INFO = INCLUDE_SOURCE;
				MTL_FAST_MATH = YES;
				ONLY_ACTIVE_ARCH = YES;
				SDKROOT = iphoneos;
				SWIFT_ACTIVE_COMPILATION_CONDITIONS = DEBUG;
				SWIFT_OPTIMIZATION_LEVEL = "-Onone";
			};
			name = Debug;
		};
		391E527E2306D4CF00457C68 /* Release */ = {
			isa = XCBuildConfiguration;
			buildSettings = {
				ALWAYS_SEARCH_USER_PATHS = NO;
				CLANG_ANALYZER_NONNULL = YES;
				CLANG_ANALYZER_NUMBER_OBJECT_CONVERSION = YES_AGGRESSIVE;
				CLANG_CXX_LANGUAGE_STANDARD = "gnu++14";
				CLANG_CXX_LIBRARY = "libc++";
				CLANG_ENABLE_MODULES = YES;
				CLANG_ENABLE_OBJC_ARC = YES;
				CLANG_ENABLE_OBJC_WEAK = YES;
				CLANG_WARN_BLOCK_CAPTURE_AUTORELEASING = YES;
				CLANG_WARN_BOOL_CONVERSION = YES;
				CLANG_WARN_COMMA = YES;
				CLANG_WARN_CONSTANT_CONVERSION = YES;
				CLANG_WARN_DEPRECATED_OBJC_IMPLEMENTATIONS = YES;
				CLANG_WARN_DIRECT_OBJC_ISA_USAGE = YES_ERROR;
				CLANG_WARN_DOCUMENTATION_COMMENTS = YES;
				CLANG_WARN_EMPTY_BODY = YES;
				CLANG_WARN_ENUM_CONVERSION = YES;
				CLANG_WARN_INFINITE_RECURSION = YES;
				CLANG_WARN_INT_CONVERSION = YES;
				CLANG_WARN_NON_LITERAL_NULL_CONVERSION = YES;
				CLANG_WARN_OBJC_IMPLICIT_RETAIN_SELF = YES;
				CLANG_WARN_OBJC_LITERAL_CONVERSION = YES;
				CLANG_WARN_OBJC_ROOT_CLASS = YES_ERROR;
				CLANG_WARN_RANGE_LOOP_ANALYSIS = YES;
				CLANG_WARN_STRICT_PROTOTYPES = YES;
				CLANG_WARN_SUSPICIOUS_MOVE = YES;
				CLANG_WARN_UNGUARDED_AVAILABILITY = YES_AGGRESSIVE;
				CLANG_WARN_UNREACHABLE_CODE = YES;
				CLANG_WARN__DUPLICATE_METHOD_MATCH = YES;
				CODE_SIGN_IDENTITY = "iPhone Developer";
				COPY_PHASE_STRIP = NO;
				DEBUG_INFORMATION_FORMAT = "dwarf-with-dsym";
				ENABLE_NS_ASSERTIONS = NO;
				ENABLE_STRICT_OBJC_MSGSEND = YES;
				GCC_C_LANGUAGE_STANDARD = gnu11;
				GCC_NO_COMMON_BLOCKS = YES;
				GCC_WARN_64_TO_32_BIT_CONVERSION = YES;
				GCC_WARN_ABOUT_RETURN_TYPE = YES_ERROR;
				GCC_WARN_UNDECLARED_SELECTOR = YES;
				GCC_WARN_UNINITIALIZED_AUTOS = YES_AGGRESSIVE;
				GCC_WARN_UNUSED_FUNCTION = YES;
				GCC_WARN_UNUSED_VARIABLE = YES;
				IPHONEOS_DEPLOYMENT_TARGET = 12.4;
				MTL_ENABLE_DEBUG_INFO = NO;
				MTL_FAST_MATH = YES;
				SDKROOT = iphoneos;
				SWIFT_COMPILATION_MODE = wholemodule;
				SWIFT_OPTIMIZATION_LEVEL = "-O";
				VALIDATE_PRODUCT = YES;
			};
			name = Release;
		};
		391E52802306D4CF00457C68 /* Debug */ = {
			isa = XCBuildConfiguration;
			buildSettings = {
				ASSETCATALOG_COMPILER_APPICON_NAME = AppIcon;
				CODE_SIGN_STYLE = Automatic;
				DEVELOPMENT_TEAM = GUL3CPS6RX;
				INFOPLIST_FILE = PandoriaMiniChallenge1/Info.plist;
				LD_RUNPATH_SEARCH_PATHS = (
					"$(inherited)",
					"@executable_path/Frameworks",
				);
				PRODUCT_BUNDLE_IDENTIFIER = br.pucpr.PandoriaMiniChallenge1;
				PRODUCT_NAME = "$(TARGET_NAME)";
				SWIFT_VERSION = 5.0;
				TARGETED_DEVICE_FAMILY = "1,2";
			};
			name = Debug;
		};
		391E52812306D4CF00457C68 /* Release */ = {
			isa = XCBuildConfiguration;
			buildSettings = {
				ASSETCATALOG_COMPILER_APPICON_NAME = AppIcon;
				CODE_SIGN_STYLE = Automatic;
				DEVELOPMENT_TEAM = GUL3CPS6RX;
				INFOPLIST_FILE = PandoriaMiniChallenge1/Info.plist;
				LD_RUNPATH_SEARCH_PATHS = (
					"$(inherited)",
					"@executable_path/Frameworks",
				);
				PRODUCT_BUNDLE_IDENTIFIER = br.pucpr.PandoriaMiniChallenge1;
				PRODUCT_NAME = "$(TARGET_NAME)";
				SWIFT_VERSION = 5.0;
				TARGETED_DEVICE_FAMILY = "1,2";
			};
			name = Release;
		};
		391E52832306D4CF00457C68 /* Debug */ = {
			isa = XCBuildConfiguration;
			buildSettings = {
				ALWAYS_EMBED_SWIFT_STANDARD_LIBRARIES = YES;
				BUNDLE_LOADER = "$(TEST_HOST)";
				CODE_SIGN_STYLE = Automatic;
				DEVELOPMENT_TEAM = GUL3CPS6RX;
				INFOPLIST_FILE = PandoriaMiniChallenge1Tests/Info.plist;
				LD_RUNPATH_SEARCH_PATHS = (
					"$(inherited)",
					"@executable_path/Frameworks",
					"@loader_path/Frameworks",
				);
				PRODUCT_BUNDLE_IDENTIFIER = br.pucpr.PandoriaMiniChallenge1Tests;
				PRODUCT_NAME = "$(TARGET_NAME)";
				SWIFT_VERSION = 5.0;
				TARGETED_DEVICE_FAMILY = "1,2";
				TEST_HOST = "$(BUILT_PRODUCTS_DIR)/PandoriaMiniChallenge1.app/PandoriaMiniChallenge1";
			};
			name = Debug;
		};
		391E52842306D4CF00457C68 /* Release */ = {
			isa = XCBuildConfiguration;
			buildSettings = {
				ALWAYS_EMBED_SWIFT_STANDARD_LIBRARIES = YES;
				BUNDLE_LOADER = "$(TEST_HOST)";
				CODE_SIGN_STYLE = Automatic;
				DEVELOPMENT_TEAM = GUL3CPS6RX;
				INFOPLIST_FILE = PandoriaMiniChallenge1Tests/Info.plist;
				LD_RUNPATH_SEARCH_PATHS = (
					"$(inherited)",
					"@executable_path/Frameworks",
					"@loader_path/Frameworks",
				);
				PRODUCT_BUNDLE_IDENTIFIER = br.pucpr.PandoriaMiniChallenge1Tests;
				PRODUCT_NAME = "$(TARGET_NAME)";
				SWIFT_VERSION = 5.0;
				TARGETED_DEVICE_FAMILY = "1,2";
				TEST_HOST = "$(BUILT_PRODUCTS_DIR)/PandoriaMiniChallenge1.app/PandoriaMiniChallenge1";
			};
			name = Release;
		};
		391E52862306D4CF00457C68 /* Debug */ = {
			isa = XCBuildConfiguration;
			buildSettings = {
				ALWAYS_EMBED_SWIFT_STANDARD_LIBRARIES = YES;
				CODE_SIGN_STYLE = Automatic;
				DEVELOPMENT_TEAM = GUL3CPS6RX;
				INFOPLIST_FILE = PandoriaMiniChallenge1UITests/Info.plist;
				LD_RUNPATH_SEARCH_PATHS = (
					"$(inherited)",
					"@executable_path/Frameworks",
					"@loader_path/Frameworks",
				);
				PRODUCT_BUNDLE_IDENTIFIER = br.pucpr.PandoriaMiniChallenge1UITests;
				PRODUCT_NAME = "$(TARGET_NAME)";
				SWIFT_VERSION = 5.0;
				TARGETED_DEVICE_FAMILY = "1,2";
				TEST_TARGET_NAME = PandoriaMiniChallenge1;
			};
			name = Debug;
		};
		391E52872306D4CF00457C68 /* Release */ = {
			isa = XCBuildConfiguration;
			buildSettings = {
				ALWAYS_EMBED_SWIFT_STANDARD_LIBRARIES = YES;
				CODE_SIGN_STYLE = Automatic;
				DEVELOPMENT_TEAM = GUL3CPS6RX;
				INFOPLIST_FILE = PandoriaMiniChallenge1UITests/Info.plist;
				LD_RUNPATH_SEARCH_PATHS = (
					"$(inherited)",
					"@executable_path/Frameworks",
					"@loader_path/Frameworks",
				);
				PRODUCT_BUNDLE_IDENTIFIER = br.pucpr.PandoriaMiniChallenge1UITests;
				PRODUCT_NAME = "$(TARGET_NAME)";
				SWIFT_VERSION = 5.0;
				TARGETED_DEVICE_FAMILY = "1,2";
				TEST_TARGET_NAME = PandoriaMiniChallenge1;
			};
			name = Release;
		};
/* End XCBuildConfiguration section */

/* Begin XCConfigurationList section */
		391E52522306D4CF00457C68 /* Build configuration list for PBXProject "PandoriaMiniChallenge1" */ = {
			isa = XCConfigurationList;
			buildConfigurations = (
				391E527D2306D4CF00457C68 /* Debug */,
				391E527E2306D4CF00457C68 /* Release */,
			);
			defaultConfigurationIsVisible = 0;
			defaultConfigurationName = Release;
		};
		391E527F2306D4CF00457C68 /* Build configuration list for PBXNativeTarget "PandoriaMiniChallenge1" */ = {
			isa = XCConfigurationList;
			buildConfigurations = (
				391E52802306D4CF00457C68 /* Debug */,
				391E52812306D4CF00457C68 /* Release */,
			);
			defaultConfigurationIsVisible = 0;
			defaultConfigurationName = Release;
		};
		391E52822306D4CF00457C68 /* Build configuration list for PBXNativeTarget "PandoriaMiniChallenge1Tests" */ = {
			isa = XCConfigurationList;
			buildConfigurations = (
				391E52832306D4CF00457C68 /* Debug */,
				391E52842306D4CF00457C68 /* Release */,
			);
			defaultConfigurationIsVisible = 0;
			defaultConfigurationName = Release;
		};
		391E52852306D4CF00457C68 /* Build configuration list for PBXNativeTarget "PandoriaMiniChallenge1UITests" */ = {
			isa = XCConfigurationList;
			buildConfigurations = (
				391E52862306D4CF00457C68 /* Debug */,
				391E52872306D4CF00457C68 /* Release */,
			);
			defaultConfigurationIsVisible = 0;
			defaultConfigurationName = Release;
		};
/* End XCConfigurationList section */
	};
	rootObject = 391E524F2306D4CF00457C68 /* Project object */;
}
